
Microsoft Visual Studio Solution File, Format Version 12.00
# Visual Studio 15
VisualStudioVersion = 15.0.26124.0
MinimumVisualStudioVersion = 15.0.26124.0
Project("{2150E333-8FDC-42A3-9474-1A3956D46DE8}") = "API", "API", "{88AABD00-F99E-11E8-A787-EDE8CD8A8ECF}"
EndProject
Project("{FAE04EC0-301F-11D3-BF4B-00C04F79EFBC}") = "ReactBookLibrary.API", "ReactBookLibrary.API\ReactBookLibrary.API.csproj", "{CEB59942-3F31-4FC5-A811-AD366844D31B}"
EndProject
Project("{FAE04EC0-301F-11D3-BF4B-00C04F79EFBC}") = "ReactBookLibrary.API.Tests", "ReactBookLibrary.API.Tests\ReactBookLibrary.API.Tests.csproj", "{DEB52CAB-ED75-4D63-83F9-EF8D3A548008}"
EndProject
Project("{2150E333-8FDC-42A3-9474-1A3956D46DE8}") = "UI", "UI", "{0EFA5310-F9A0-11E8-A787-EDE8CD8A8ECF}"
EndProject
Project("{FAE04EC0-301F-11D3-BF4B-00C04F79EFBC}") = "ReactBookLibrary", "ReactBookLibrary.UI\ReactBookLibrary.csproj", "{2BEFADF8-58FA-4DC1-8DA9-65D9CBD0BB0D}"
EndProject
Global
	GlobalSection(SolutionConfigurationPlatforms) = preSolution
		Debug|Any CPU = Debug|Any CPU
		Debug|x64 = Debug|x64
		Debug|x86 = Debug|x86
		Release|Any CPU = Release|Any CPU
		Release|x64 = Release|x64
		Release|x86 = Release|x86
	EndGlobalSection
	GlobalSection(SolutionProperties) = preSolution
		HideSolutionNode = FALSE
	EndGlobalSection
	GlobalSection(ProjectConfigurationPlatforms) = postSolution
		{CEB59942-3F31-4FC5-A811-AD366844D31B}.Debug|Any CPU.ActiveCfg = Debug|Any CPU
		{CEB59942-3F31-4FC5-A811-AD366844D31B}.Debug|Any CPU.Build.0 = Debug|Any CPU
		{CEB59942-3F31-4FC5-A811-AD366844D31B}.Debug|x64.ActiveCfg = Debug|x64
		{CEB59942-3F31-4FC5-A811-AD366844D31B}.Debug|x64.Build.0 = Debug|x64
		{CEB59942-3F31-4FC5-A811-AD366844D31B}.Debug|x86.ActiveCfg = Debug|x86
		{CEB59942-3F31-4FC5-A811-AD366844D31B}.Debug|x86.Build.0 = Debug|x86
		{CEB59942-3F31-4FC5-A811-AD366844D31B}.Release|Any CPU.ActiveCfg = Release|Any CPU
		{CEB59942-3F31-4FC5-A811-AD366844D31B}.Release|Any CPU.Build.0 = Release|Any CPU
		{CEB59942-3F31-4FC5-A811-AD366844D31B}.Release|x64.ActiveCfg = Release|x64
		{CEB59942-3F31-4FC5-A811-AD366844D31B}.Release|x64.Build.0 = Release|x64
		{CEB59942-3F31-4FC5-A811-AD366844D31B}.Release|x86.ActiveCfg = Release|x86
		{CEB59942-3F31-4FC5-A811-AD366844D31B}.Release|x86.Build.0 = Release|x86
		{DEB52CAB-ED75-4D63-83F9-EF8D3A548008}.Debug|Any CPU.ActiveCfg = Debug|Any CPU
		{DEB52CAB-ED75-4D63-83F9-EF8D3A548008}.Debug|Any CPU.Build.0 = Debug|Any CPU
		{DEB52CAB-ED75-4D63-83F9-EF8D3A548008}.Debug|x64.ActiveCfg = Debug|x64
		{DEB52CAB-ED75-4D63-83F9-EF8D3A548008}.Debug|x64.Build.0 = Debug|x64
		{DEB52CAB-ED75-4D63-83F9-EF8D3A548008}.Debug|x86.ActiveCfg = Debug|x86
		{DEB52CAB-ED75-4D63-83F9-EF8D3A548008}.Debug|x86.Build.0 = Debug|x86
		{DEB52CAB-ED75-4D63-83F9-EF8D3A548008}.Release|Any CPU.ActiveCfg = Release|Any CPU
		{DEB52CAB-ED75-4D63-83F9-EF8D3A548008}.Release|Any CPU.Build.0 = Release|Any CPU
		{DEB52CAB-ED75-4D63-83F9-EF8D3A548008}.Release|x64.ActiveCfg = Release|x64
		{DEB52CAB-ED75-4D63-83F9-EF8D3A548008}.Release|x64.Build.0 = Release|x64
		{DEB52CAB-ED75-4D63-83F9-EF8D3A548008}.Release|x86.ActiveCfg = Release|x86
		{DEB52CAB-ED75-4D63-83F9-EF8D3A548008}.Release|x86.Build.0 = Release|x86
		{2BEFADF8-58FA-4DC1-8DA9-65D9CBD0BB0D}.Debug|Any CPU.ActiveCfg = Debug|Any CPU
		{2BEFADF8-58FA-4DC1-8DA9-65D9CBD0BB0D}.Debug|Any CPU.Build.0 = Debug|Any CPU
		{2BEFADF8-58FA-4DC1-8DA9-65D9CBD0BB0D}.Debug|x64.ActiveCfg = Debug|x64
		{2BEFADF8-58FA-4DC1-8DA9-65D9CBD0BB0D}.Debug|x64.Build.0 = Debug|x64
		{2BEFADF8-58FA-4DC1-8DA9-65D9CBD0BB0D}.Debug|x86.ActiveCfg = Debug|x86
		{2BEFADF8-58FA-4DC1-8DA9-65D9CBD0BB0D}.Debug|x86.Build.0 = Debug|x86
		{2BEFADF8-58FA-4DC1-8DA9-65D9CBD0BB0D}.Release|Any CPU.ActiveCfg = Release|Any CPU
		{2BEFADF8-58FA-4DC1-8DA9-65D9CBD0BB0D}.Release|Any CPU.Build.0 = Release|Any CPU
		{2BEFADF8-58FA-4DC1-8DA9-65D9CBD0BB0D}.Release|x64.ActiveCfg = Release|x64
		{2BEFADF8-58FA-4DC1-8DA9-65D9CBD0BB0D}.Release|x64.Build.0 = Release|x64
		{2BEFADF8-58FA-4DC1-8DA9-65D9CBD0BB0D}.Release|x86.ActiveCfg = Release|x86
		{2BEFADF8-58FA-4DC1-8DA9-65D9CBD0BB0D}.Release|x86.Build.0 = Release|x86
	EndGlobalSection
	GlobalSection(NestedProjects) = preSolution
		{2BEFADF8-58FA-4DC1-8DA9-65D9CBD0BB0D} = {0EFA5310-F9A0-11E8-A787-EDE8CD8A8ECF}
		{DEB52CAB-ED75-4D63-83F9-EF8D3A548008} = {88AABD00-F99E-11E8-A787-EDE8CD8A8ECF}
		{CEB59942-3F31-4FC5-A811-AD366844D31B} = {88AABD00-F99E-11E8-A787-EDE8CD8A8ECF}
	EndGlobalSection
EndGlobal
